<?xml version="1.0" encoding="utf-8"?>
<Project ToolsVersion="4.0" xmlns="http://schemas.microsoft.com/developer/msbuild/2003">
  <ItemGroup>
    <ClCompile Include="main.cpp" />
    <ClCompile Include="stb_vorbis.c" />
    <ClCompile Include="gui.cpp" />
    <ClCompile Include="Provider.cpp" />
  </ItemGroup>
  <ItemGroup>
    <ClInclude Include="Error.wav.h" />
    <ClInclude Include="miniaudio.h" />
    <ClInclude Include="Openmanager.wav.h" />
    <ClInclude Include="Pause.wav.h" />
    <ClInclude Include="Restart.wav.h" />
    <ClInclude Include="Start.wav.h" />
    <ClInclude Include="stb_vorbis.h" />
    <ClInclude Include="Stop.wav.h" />
    <ClInclude Include="Unpause.wav.h" />
    <ClInclude Include="user_config.h" />
    <ClInclude Include="gui.h" />
    <ClInclude Include="Provider.h" />
    <ClInclude Include="stdafx.h" />
    <ClInclude Include="readme.h" />
    <ClInclude Include="resource.h" />
    <ClInclude Include="resource1.h" />
  </ItemGroup>
  <ItemGroup>
    <ResourceCompile Include="FPRecorder.rc" />
  </ItemGroup>
  <ItemGroup>
    <None Include="resource1.hm" />
  </ItemGroup>
</Project>