<?xml version="1.0" encoding="utf-8"?>
<Project ToolsVersion="4.0" xmlns="http://schemas.microsoft.com/developer/msbuild/2003">
  <ItemGroup>
    <ClCompile Include="main.cpp" />
    <ClCompile Include="stb_vorbis.c" />
    <ClCompile Include="Provider.cpp" />
    <ClCompile Include="GUI\gui.cpp" />
  </ItemGroup>
  <ItemGroup>
    <ClInclude Include="miniaudio.h" />
    <ClInclude Include="stb_vorbis.h" />
    <ClInclude Include="user_config.h" />
    <ClInclude Include="Provider.h" />
    <ClInclude Include="stdafx.h" />
    <ClInclude Include="GUI\gui.h" />
  </ItemGroup>
</Project>